
Microsoft Visual Studio Solution File, Format Version 12.00
# Visual Studio Version 16
VisualStudioVersion = 16.0.30330.147
MinimumVisualStudioVersion = 10.0.40219.1
Project("{FAE04EC0-301F-11D3-BF4B-00C04F79EFBC}") = "RegistroPrestamosBlazor", "RegistroPrestamosBlazor.csproj", "{331616B7-8F65-4B52-8C7F-F081A08A9BBE}"
EndProject
Global
	GlobalSection(SolutionConfigurationPlatforms) = preSolution
		Debug|Any CPU = Debug|Any CPU
		Release|Any CPU = Release|Any CPU
	EndGlobalSection
	GlobalSection(ProjectConfigurationPlatforms) = postSolution
		{331616B7-8F65-4B52-8C7F-F081A08A9BBE}.Debug|Any CPU.ActiveCfg = Debug|Any CPU
		{331616B7-8F65-4B52-8C7F-F081A08A9BBE}.Debug|Any CPU.Build.0 = Debug|Any CPU
		{331616B7-8F65-4B52-8C7F-F081A08A9BBE}.Release|Any CPU.ActiveCfg = Release|Any CPU
		{331616B7-8F65-4B52-8C7F-F081A08A9BBE}.Release|Any CPU.Build.0 = Release|Any CPU
	EndGlobalSection
	GlobalSection(SolutionProperties) = preSolution
		HideSolutionNode = FALSE
	EndGlobalSection
	GlobalSection(ExtensibilityGlobals) = postSolution
		SolutionGuid = {721697CD-6D19-4C3B-B4FE-C39277832E53}
	EndGlobalSection
EndGlobal
